
Microsoft Visual Studio Solution File, Format Version 12.00
# Visual Studio Version 16
VisualStudioVersion = 16.0.29709.97
MinimumVisualStudioVersion = 10.0.40219.1
Project("{9A19103F-16F7-4668-BE54-9A1E7A4F7556}") = "MCNAPI", "MCNAPI.csproj", "{6F1D0F6F-4A12-448C-A176-065E03F2D109}"
EndProject
Project("{FAE04EC0-301F-11D3-BF4B-00C04F79EFBC}") = "MCNAPITEST", "..\MCNAPITEST\MCNAPITEST.csproj", "{8794DD2D-C631-4C93-A11E-03E79B93F74E}"
EndProject
Global
	GlobalSection(SolutionConfigurationPlatforms) = preSolution
		Debug|Any CPU = Debug|Any CPU
		Release|Any CPU = Release|Any CPU
	EndGlobalSection
	GlobalSection(ProjectConfigurationPlatforms) = postSolution
		{6F1D0F6F-4A12-448C-A176-065E03F2D109}.Debug|Any CPU.ActiveCfg = Debug|Any CPU
		{6F1D0F6F-4A12-448C-A176-065E03F2D109}.Debug|Any CPU.Build.0 = Debug|Any CPU
		{6F1D0F6F-4A12-448C-A176-065E03F2D109}.Release|Any CPU.ActiveCfg = Release|Any CPU
		{6F1D0F6F-4A12-448C-A176-065E03F2D109}.Release|Any CPU.Build.0 = Release|Any CPU
		{8794DD2D-C631-4C93-A11E-03E79B93F74E}.Debug|Any CPU.ActiveCfg = Debug|Any CPU
		{8794DD2D-C631-4C93-A11E-03E79B93F74E}.Debug|Any CPU.Build.0 = Debug|Any CPU
		{8794DD2D-C631-4C93-A11E-03E79B93F74E}.Release|Any CPU.ActiveCfg = Release|Any CPU
		{8794DD2D-C631-4C93-A11E-03E79B93F74E}.Release|Any CPU.Build.0 = Release|Any CPU
	EndGlobalSection
	GlobalSection(SolutionProperties) = preSolution
		HideSolutionNode = FALSE
	EndGlobalSection
	GlobalSection(ExtensibilityGlobals) = postSolution
		SolutionGuid = {77BBF0C8-5851-4C16-A0FD-90F3EA4C14FB}
	EndGlobalSection
EndGlobal
